
Microsoft Visual Studio Solution File, Format Version 12.00
# Visual Studio Version 16
VisualStudioVersion = 16.0.29503.13
MinimumVisualStudioVersion = 10.0.40219.1
Project("{FAE04EC0-301F-11D3-BF4B-00C04F79EFBC}") = "Responsive", "Responsive\Responsive.csproj", "{8F6608A6-FFC0-40F7-A781-FFD0CD60816A}"
EndProject
Global
	GlobalSection(SolutionConfigurationPlatforms) = preSolution
		Debug|Any CPU = Debug|Any CPU
		Release|Any CPU = Release|Any CPU
	EndGlobalSection
	GlobalSection(ProjectConfigurationPlatforms) = postSolution
		{8F6608A6-FFC0-40F7-A781-FFD0CD60816A}.Debug|Any CPU.ActiveCfg = Debug|Any CPU
		{8F6608A6-FFC0-40F7-A781-FFD0CD60816A}.Debug|Any CPU.Build.0 = Debug|Any CPU
		{8F6608A6-FFC0-40F7-A781-FFD0CD60816A}.Release|Any CPU.ActiveCfg = Release|Any CPU
		{8F6608A6-FFC0-40F7-A781-FFD0CD60816A}.Release|Any CPU.Build.0 = Release|Any CPU
	EndGlobalSection
	GlobalSection(SolutionProperties) = preSolution
		HideSolutionNode = FALSE
	EndGlobalSection
	GlobalSection(ExtensibilityGlobals) = postSolution
		SolutionGuid = {0CACE035-85FE-4587-BBB1-31E76FD32F68}
	EndGlobalSection
EndGlobal
